%{
  "bimap": {:hex, :bimap, "1.1.0", "135ce3bf1c0e02b83559493b3a9f2ec970afb57e4d1ba47a0247295f9f21e2ad", [:mix], [], "hexpm", "2cb7959ad57e0b70f13711e9c3cdbb89e6caf91bb4feb5c2f05ad3ebc80bf266"},
  "bunch": {:hex, :bunch, "1.3.0", "51b4423088b7fb9e21eae6d6bc5e5d219d955ea5556fbd6130bfb6213df4be32", [:mix], [], "hexpm", "9ad233a2bacc0dae8aa6553a9b9057f27446443b1c5903c3479b6f9f3820ce2d"},
  "bunch_native": {:hex, :bunch_native, "0.3.0", "a292baf340608d07bf2f2bbc7928a29648c15c90192e8f4c50b77ea16366d61c", [:mix], [{:bundlex, "~> 0.4.0", [hex: :bundlex, repo: "hexpm", optional: false]}], "hexpm", "8a3b4b4bc6de06f863469f6f06a0a37026bd87b0dcaa2dba688ea9da9b18b4c1"},
  "bundlex": {:hex, :bundlex, "0.4.0", "bec7f07206022f5aac33bf835cce88d90cc49c115d181fbe0d9edea393edb2d6", [:mix], [{:bunch, "~> 1.0", [hex: :bunch, repo: "hexpm", optional: false]}, {:qex, "~> 0.5", [hex: :qex, repo: "hexpm", optional: false]}, {:secure_random, "~> 0.5", [hex: :secure_random, repo: "hexpm", optional: false]}], "hexpm", "5fe9c9624ced9cfac9a432f7c1966c8d2059aa0a9e5fe8d0cf5b0161b4dc8c63"},
  "coerce": {:hex, :coerce, "1.0.1", "211c27386315dc2894ac11bc1f413a0e38505d808153367bd5c6e75a4003d096", [:mix], [], "hexpm", "b44a691700f7a1a15b4b7e2ff1fa30bebd669929ac8aa43cffe9e2f8bf051cf1"},
  "crc": {:hex, :crc, "0.10.1", "87a0478e5a930926f1062397c9eb32d981f6b3abbc352d6d6fecf45a1725b249", [:mix, :rebar3], [{:elixir_make, "~> 0.6", [hex: :elixir_make, repo: "hexpm", optional: false]}], "hexpm", "ed3a9a673d4726fd12d6f58811f014e33cb3926b28f9639b12456ccb241d0f9b"},
  "dialyxir": {:hex, :dialyxir, "1.0.0", "6a1fa629f7881a9f5aaf3a78f094b2a51a0357c843871b8bc98824e7342d00a5", [:mix], [{:erlex, ">= 0.2.6", [hex: :erlex, repo: "hexpm", optional: false]}], "hexpm", "aeb06588145fac14ca08d8061a142d52753dbc2cf7f0d00fc1013f53f8654654"},
  "earmark": {:hex, :earmark, "1.4.4", "4821b8d05cda507189d51f2caeef370cf1e18ca5d7dfb7d31e9cafe6688106a4", [:mix], [], "hexpm", "1f93aba7340574847c0f609da787f0d79efcab51b044bb6e242cae5aca9d264d"},
  "elixir_make": {:hex, :elixir_make, "0.6.1", "8faa29a5597faba999aeeb72bbb9c91694ef8068f0131192fb199f98d32994ef", [:mix], [], "hexpm", "35d33270680f8d839a4003c3e9f43afb595310a592405a00afc12de4c7f55a18"},
  "erlex": {:hex, :erlex, "0.2.6", "c7987d15e899c7a2f34f5420d2a2ea0d659682c06ac607572df55a43753aa12e", [:mix], [], "hexpm", "2ed2e25711feb44d52b17d2780eabf998452f6efda104877a3881c2f8c0c0c75"},
  "ex_doc": {:hex, :ex_doc, "0.22.1", "9bb6d51508778193a4ea90fa16eac47f8b67934f33f8271d5e1edec2dc0eee4c", [:mix], [{:earmark, "~> 1.4.0", [hex: :earmark, repo: "hexpm", optional: false]}, {:makeup_elixir, "~> 0.14", [hex: :makeup_elixir, repo: "hexpm", optional: false]}], "hexpm", "d957de1b75cb9f78d3ee17820733dc4460114d8b1e11f7ee4fd6546e69b1db60"},
  "makeup": {:hex, :makeup, "1.0.2", "0b9f7bfb7a88bed961341b359bc2cc1b233517af891ba4890ec5a580ffe738b4", [:mix], [{:nimble_parsec, "~> 0.5", [hex: :nimble_parsec, repo: "hexpm", optional: false]}], "hexpm", "43833299231c6a6983afc75a34e43eeba638521d5527ff89809fa6372424fd7e"},
  "makeup_elixir": {:hex, :makeup_elixir, "0.14.1", "4f0e96847c63c17841d42c08107405a005a2680eb9c7ccadfd757bd31dabccfb", [:mix], [{:makeup, "~> 1.0", [hex: :makeup, repo: "hexpm", optional: false]}], "hexpm", "f2438b1a80eaec9ede832b5c41cd4f373b38fd7aa33e3b22d9db79e640cbde11"},
  "membrane_aac_format": {:hex, :membrane_aac_format, "0.1.0", "61590a3bb5646f1eb9b3d02ba9e85ce9892fdc5d613e01b35f38f4f3fc32e9e9", [:mix], [{:bimap, "~> 1.1", [hex: :bimap, repo: "hexpm", optional: false]}, {:membrane_core, "~> 0.5.0", [hex: :membrane_core, repo: "hexpm", optional: false]}], "hexpm", "9d0cba65fb68e48797b66135550f1c1f74c8ae88f58fcfb9f5fae77ce24bdd2f"},
  "membrane_aac_plugin": {:hex, :membrane_aac_plugin, "0.5.1", "86e09038f1344115d88974a4651f16e70d74d5930e6bee42a1e0cea51ddfad48", [:mix], [{:bunch, "~> 1.0", [hex: :bunch, repo: "hexpm", optional: false]}, {:crc, "~> 0.10.1", [hex: :crc, repo: "hexpm", optional: false]}, {:membrane_aac_format, "~> 0.1.0", [hex: :membrane_aac_format, repo: "hexpm", optional: false]}, {:membrane_core, "~> 0.5.1", [hex: :membrane_core, repo: "hexpm", optional: false]}], "hexpm", "cbbbfaf0337ee65e5c68f74ea84d7d5ce763b09b154c5c304bb1d85b5d983bc5"},
  "membrane_caps_aac": {:git, "https://github.com/membraneframework/membrane-caps-aac.git", "f7006036cf769603fa8ae70b8092e0d3bc06546c", []},
  "membrane_caps_audio_aac": {:git, "https://github.com/membraneframework/membrane-caps-audio-aac.git", "f3e53ccbc4e5862dceb3023adc28c9e442c17871", []},
  "membrane_caps_http_adaptive_stream": {:git, "git@github.com:membraneframework/membrane-caps-http-adaptive-stream", "7082f031011a5f38018ace85bb0c28f7ad3b3233", []},
  "membrane_caps_mp4": {:git, "git@github.com:membraneframework/membrane-caps-mp4", "49775bfe5289db54cb532c5e86c5d414dfcbac89", []},
  "membrane_caps_video_h264": {:hex, :membrane_caps_video_h264, "0.2.0", "ecfe3a83b5e349b6ca56980c543cf3bf2275ccfb7769126fe62798f08fd7a2fe", [:mix], [], "hexpm", "36e447b8fd42cd4ad79bfa4dbf2e7f2ff3a9030c0ffa85ba951d21868a36376b"},
  "membrane_caps_video_raw": {:hex, :membrane_caps_video_raw, "0.1.0", "6aa751b0c338ea6672540b7ec7ad2be0d23bad931b8a8776757da9b279070a3b", [:mix], [], "hexpm", "3f60d65189bd9e3b0ab77e0ebf2e0c1b04d0fd6f67c546fc1d54d9958c362ce4"},
  "membrane_cmaf_format": {:hex, :membrane_cmaf_format, "0.1.0", "cb14c304d1a426ee7b60706232de8e913186b12bce4b5dacfede30bdb4f9a7c4", [:mix], [{:membrane_core, "~> 0.5.0", [hex: :membrane_core, repo: "hexpm", optional: false]}], "hexpm", "3b3850140a4d6776342db6b75d700d35db58a240f19d7f6fcab69b8e97210174"},
  "membrane_common_c": {:hex, :membrane_common_c, "0.4.0", "b5cfe09bb994c93c73c7608a5bfc0f62580668faf388461074fff78b17266a3a", [:mix], [{:membrane_core, "~> 0.5.0", [hex: :membrane_core, repo: "hexpm", optional: false]}, {:shmex, "~> 0.3.0", [hex: :shmex, repo: "hexpm", optional: false]}, {:unifex, "~> 0.3.0", [hex: :unifex, repo: "hexpm", optional: false]}], "hexpm", "b84c19346755a75fe786ff46ce275f496de6f7b1e3d248a3531a677040170385"},
  "membrane_core": {:hex, :membrane_core, "0.5.3", "23c9983140a632fefe52da11f535ea3c00f17f5084393fa700c0f04f3a9d7ca4", [:mix], [{:bunch, "~> 1.2", [hex: :bunch, repo: "hexpm", optional: false]}, {:qex, "~> 0.3", [hex: :qex, repo: "hexpm", optional: false]}, {:ratio, "~> 2.0", [hex: :ratio, repo: "hexpm", optional: false]}], "hexpm", "00f8ca4036839e6e90c0b06301962894b451497424572ce322b4a9aa31df959c"},
  "membrane_element_ffmpeg_h264": {:git, "https://github.com/membraneframework/membrane-element-ffmpeg-h264.git", "5ba742b262bf2a31e684ea6ae696e14b2f1076e2", [branch: "parser"]},
  "membrane_element_file": {:hex, :membrane_element_file, "0.3.0", "45a7e5d42f794253752f14d15db3749596f32f44e42cc4e001c6b426915fdf4f", [:mix], [{:membrane_core, "~> 0.5.0", [hex: :membrane_core, repo: "hexpm", optional: false]}, {:mockery, "~> 2.2", [hex: :mockery, repo: "hexpm", optional: false]}], "hexpm", "a80ad07f8c772c7c420ded2ef67f3fc9c55c736a2cd94a02fb0f33853b83d10e"},
  "membrane_h264_ffmpeg_plugin": {:hex, :membrane_h264_ffmpeg_plugin, "0.5.0", "316540355e7f3ff4c70159c2c7e0687ff06a3066479e755254ca30a9c29083f0", [:mix], [{:bunch, "~> 1.2", [hex: :bunch, repo: "hexpm", optional: false]}, {:membrane_caps_video_h264, "~> 0.2.0", [hex: :membrane_caps_video_h264, repo: "hexpm", optional: false]}, {:membrane_caps_video_raw, "~> 0.1.0", [hex: :membrane_caps_video_raw, repo: "hexpm", optional: false]}, {:membrane_common_c, "~> 0.4.0", [hex: :membrane_common_c, repo: "hexpm", optional: false]}, {:membrane_core, "~> 0.5.0", [hex: :membrane_core, repo: "hexpm", optional: false]}, {:unifex, "~> 0.3.0", [hex: :unifex, repo: "hexpm", optional: false]}], "hexpm", "011f4461b36f0b61cd31df70e367a0b505635273db87423728d0cbf0f8ded9cf"},
  "membrane_http_adaptive_stream_plugin": {:hex, :membrane_http_adaptive_stream_plugin, "0.1.0", "d1d144cd69f5bf1b51ae7cf137dab5ea37a9b39eabcbbdd571c7d5b5f0a5f29d", [:mix], [{:membrane_cmaf_format, "~> 0.1.0", [hex: :membrane_cmaf_format, repo: "hexpm", optional: false]}, {:membrane_core, "~> 0.5.2", [hex: :membrane_core, repo: "hexpm", optional: false]}], "hexpm", "f6d29e64cee9970988d724db90c74b00debbbdada0993288f68ec613c7c15d16"},
  "membrane_mp4_format": {:hex, :membrane_mp4_format, "0.1.0", "fa57d258f21c3d7d0f55958aa6540c76682ee0c1208a5eefaa6a1c9a0c6e76a1", [:mix], [{:membrane_core, "~> 0.5.2", [hex: :membrane_core, repo: "hexpm", optional: false]}], "hexpm", "985dc583f3350b14a09eedf83c4716cafa186da5ccd95931a58cf61e241e0e5a"},
  "mockery": {:hex, :mockery, "2.3.1", "a02fd60b10ac9ed37a7a2ecf6786c1f1dd5c75d2b079a60594b089fba32dc087", [:mix], [], "hexpm", "1d0971d88ebf084e962da3f2cfee16f0ea8e04ff73a7710428500d4500b947fa"},
  "nimble_parsec": {:hex, :nimble_parsec, "0.6.0", "32111b3bf39137144abd7ba1cce0914533b2d16ef35e8abc5ec8be6122944263", [:mix], [], "hexpm", "27eac315a94909d4dc68bc07a4a83e06c8379237c5ea528a9acff4ca1c873c52"},
  "numbers": {:hex, :numbers, "5.2.3", "d721b0702e3d8ebfaaa64af3419b9b49ffbc3836bd7511b935796499d51141ca", [:mix], [{:coerce, "~> 1.0", [hex: :coerce, repo: "hexpm", optional: false]}, {:decimal, "~> 1.9", [hex: :decimal, repo: "hexpm", optional: true]}], "hexpm", "ec62408c8bc02d79c6b9f798de321f65876afdcf7f8654190601df2cfe60cc18"},
  "qex": {:hex, :qex, "0.5.0", "5a3a9becf67d4006377c4c247ffdaaa8ae5b3634a0caadb788dc24d6125068f4", [:mix], [], "hexpm", "4ad6f6421163cd8204509a119a5c9813cbb969cfb8d802a9dc49b968bffbac2a"},
  "ratio": {:hex, :ratio, "2.4.2", "c8518f3536d49b1b00d88dd20d49f8b11abb7819638093314a6348139f14f9f9", [:mix], [{:decimal, "~> 1.6 or ~> 2.0", [hex: :decimal, repo: "hexpm", optional: true]}, {:numbers, "~> 5.2.0", [hex: :numbers, repo: "hexpm", optional: false]}], "hexpm", "441ef6f73172a3503de65ccf1769030997b0d533b1039422f1e5e0e0b4cbf89e"},
  "secure_random": {:hex, :secure_random, "0.5.1", "c5532b37c89d175c328f5196a0c2a5680b15ebce3e654da37129a9fe40ebf51b", [:mix], [], "hexpm", "1b9754f15e3940a143baafd19da12293f100044df69ea12db5d72878312ae6ab"},
  "shmex": {:hex, :shmex, "0.3.0", "5b995fa0bba3ff48fb9a93fdd116f5e6f7c0012da00775564a8d29d199618b8c", [:mix], [{:bunch_native, "~> 0.3.0", [hex: :bunch_native, repo: "hexpm", optional: false]}, {:bundlex, "~> 0.4.0", [hex: :bundlex, repo: "hexpm", optional: false]}], "hexpm", "05b2cc456eb549bd40a53bf641c47008acba0185f25c1906b934b0b91c36f1c4"},
  "unifex": {:hex, :unifex, "0.3.2", "93a183348e9ee950f0b942a530452fff1eaddad29c9d3f0311219176b8a310bd", [:mix], [{:bunch, "~> 1.0", [hex: :bunch, repo: "hexpm", optional: false]}, {:bundlex, "~> 0.4.0", [hex: :bundlex, repo: "hexpm", optional: false]}, {:shmex, "~> 0.3.0", [hex: :shmex, repo: "hexpm", optional: false]}], "hexpm", "41694476c2c71c885fc815c486150a2dacb6bb86a4f3e21b5eda4008bc950d08"},
}
